
Microsoft Visual Studio Solution File, Format Version 12.00
# Visual Studio Version 17
VisualStudioVersion = 17.3.32922.545
MinimumVisualStudioVersion = 10.0.40219.1
Project("{FAE04EC0-301F-11D3-BF4B-00C04F79EFBC}") = "CaixaComanda", "CaixaComanda\CaixaComanda.csproj", "{F9E06838-454F-49A1-A04B-8C5DC4F46665}"
EndProject
Global
	GlobalSection(SolutionConfigurationPlatforms) = preSolution
		Debug|Any CPU = Debug|Any CPU
		Release|Any CPU = Release|Any CPU
	EndGlobalSection
	GlobalSection(ProjectConfigurationPlatforms) = postSolution
		{F9E06838-454F-49A1-A04B-8C5DC4F46665}.Debug|Any CPU.ActiveCfg = Debug|Any CPU
		{F9E06838-454F-49A1-A04B-8C5DC4F46665}.Debug|Any CPU.Build.0 = Debug|Any CPU
		{F9E06838-454F-49A1-A04B-8C5DC4F46665}.Release|Any CPU.ActiveCfg = Release|Any CPU
		{F9E06838-454F-49A1-A04B-8C5DC4F46665}.Release|Any CPU.Build.0 = Release|Any CPU
	EndGlobalSection
	GlobalSection(SolutionProperties) = preSolution
		HideSolutionNode = FALSE
	EndGlobalSection
	GlobalSection(ExtensibilityGlobals) = postSolution
		SolutionGuid = {7532B2A4-82F1-4DEF-AFF5-C8923C28C14C}
	EndGlobalSection
EndGlobal
